
Microsoft Visual Studio Solution File, Format Version 12.00
# Visual Studio 15
VisualStudioVersion = 15.0.27130.2026
MinimumVisualStudioVersion = 10.0.40219.1
Project("{9A19103F-16F7-4668-BE54-9A1E7A4F7556}") = "UiMetadataFrameworkSample.Web", "UiMetadataFrameworkSample.Web\UiMetadataFrameworkSample.Web.csproj", "{DB3226EA-1161-4102-B86A-C2000DF70C9C}"
EndProject
Project("{9A19103F-16F7-4668-BE54-9A1E7A4F7556}") = "UiMetadataFrameworkSample.Infrastructure", "UiMetadataFrameworkSample.Infrastructure\UiMetadataFrameworkSample.Infrastructure.csproj", "{0C8E2EEB-AA1D-4B83-AEE1-4C2AE5E49BAA}"
EndProject
Project("{9A19103F-16F7-4668-BE54-9A1E7A4F7556}") = "UiMetadataFrameworkSample.Domain", "UiMetadataFrameworkSample.Domain\UiMetadataFrameworkSample.Domain.csproj", "{915C9619-576D-4A27-BFEC-B4310B1ED122}"
EndProject
Global
	GlobalSection(SolutionConfigurationPlatforms) = preSolution
		Debug|Any CPU = Debug|Any CPU
		Release|Any CPU = Release|Any CPU
	EndGlobalSection
	GlobalSection(ProjectConfigurationPlatforms) = postSolution
		{DB3226EA-1161-4102-B86A-C2000DF70C9C}.Debug|Any CPU.ActiveCfg = Debug|Any CPU
		{DB3226EA-1161-4102-B86A-C2000DF70C9C}.Debug|Any CPU.Build.0 = Debug|Any CPU
		{DB3226EA-1161-4102-B86A-C2000DF70C9C}.Release|Any CPU.ActiveCfg = Release|Any CPU
		{DB3226EA-1161-4102-B86A-C2000DF70C9C}.Release|Any CPU.Build.0 = Release|Any CPU
		{0C8E2EEB-AA1D-4B83-AEE1-4C2AE5E49BAA}.Debug|Any CPU.ActiveCfg = Debug|Any CPU
		{0C8E2EEB-AA1D-4B83-AEE1-4C2AE5E49BAA}.Debug|Any CPU.Build.0 = Debug|Any CPU
		{0C8E2EEB-AA1D-4B83-AEE1-4C2AE5E49BAA}.Release|Any CPU.ActiveCfg = Release|Any CPU
		{0C8E2EEB-AA1D-4B83-AEE1-4C2AE5E49BAA}.Release|Any CPU.Build.0 = Release|Any CPU
		{915C9619-576D-4A27-BFEC-B4310B1ED122}.Debug|Any CPU.ActiveCfg = Debug|Any CPU
		{915C9619-576D-4A27-BFEC-B4310B1ED122}.Debug|Any CPU.Build.0 = Debug|Any CPU
		{915C9619-576D-4A27-BFEC-B4310B1ED122}.Release|Any CPU.ActiveCfg = Release|Any CPU
		{915C9619-576D-4A27-BFEC-B4310B1ED122}.Release|Any CPU.Build.0 = Release|Any CPU
	EndGlobalSection
	GlobalSection(SolutionProperties) = preSolution
		HideSolutionNode = FALSE
	EndGlobalSection
	GlobalSection(ExtensibilityGlobals) = postSolution
		SolutionGuid = {B28AFFFE-0144-48FA-9AA1-8ACF42A9E904}
	EndGlobalSection
EndGlobal
